
Microsoft Visual Studio Solution File, Format Version 12.00
# Visual Studio Version 16
VisualStudioVersion = 16.0.31624.102
MinimumVisualStudioVersion = 10.0.40219.1
Project("{9A19103F-16F7-4668-BE54-9A1E7A4F7556}") = "CBWebApplication", "CBWebApplication\CBWebApplication.csproj", "{7CA9BE61-1981-4A27-8657-41848C3CFBEF}"
EndProject
Global
	GlobalSection(SolutionConfigurationPlatforms) = preSolution
		Debug|Any CPU = Debug|Any CPU
		Release|Any CPU = Release|Any CPU
	EndGlobalSection
	GlobalSection(ProjectConfigurationPlatforms) = postSolution
		{7CA9BE61-1981-4A27-8657-41848C3CFBEF}.Debug|Any CPU.ActiveCfg = Debug|Any CPU
		{7CA9BE61-1981-4A27-8657-41848C3CFBEF}.Debug|Any CPU.Build.0 = Debug|Any CPU
		{7CA9BE61-1981-4A27-8657-41848C3CFBEF}.Release|Any CPU.ActiveCfg = Release|Any CPU
		{7CA9BE61-1981-4A27-8657-41848C3CFBEF}.Release|Any CPU.Build.0 = Release|Any CPU
	EndGlobalSection
	GlobalSection(SolutionProperties) = preSolution
		HideSolutionNode = FALSE
	EndGlobalSection
	GlobalSection(ExtensibilityGlobals) = postSolution
		SolutionGuid = {7E88B56D-791B-4329-9472-3B14AF166617}
	EndGlobalSection
EndGlobal
